
Microsoft Visual Studio Solution File, Format Version 12.00
# Visual Studio Version 17
VisualStudioVersion = 17.1.32319.34
MinimumVisualStudioVersion = 10.0.40219.1
Project("{9A19103F-16F7-4668-BE54-9A1E7A4F7556}") = "SeleniumCheck", "SeleniumCheck\SeleniumCheck.csproj", "{4BA7B4FE-3979-4935-A11B-14960734244E}"
EndProject
Global
	GlobalSection(SolutionConfigurationPlatforms) = preSolution
		Debug|Any CPU = Debug|Any CPU
		Release|Any CPU = Release|Any CPU
	EndGlobalSection
	GlobalSection(ProjectConfigurationPlatforms) = postSolution
		{4BA7B4FE-3979-4935-A11B-14960734244E}.Debug|Any CPU.ActiveCfg = Debug|Any CPU
		{4BA7B4FE-3979-4935-A11B-14960734244E}.Debug|Any CPU.Build.0 = Debug|Any CPU
		{4BA7B4FE-3979-4935-A11B-14960734244E}.Release|Any CPU.ActiveCfg = Release|Any CPU
		{4BA7B4FE-3979-4935-A11B-14960734244E}.Release|Any CPU.Build.0 = Release|Any CPU
	EndGlobalSection
	GlobalSection(SolutionProperties) = preSolution
		HideSolutionNode = FALSE
	EndGlobalSection
	GlobalSection(ExtensibilityGlobals) = postSolution
		SolutionGuid = {8711CF7B-207B-45D8-B698-2DD7FB30507C}
	EndGlobalSection
EndGlobal
